
Microsoft Visual Studio Solution File, Format Version 12.00
# Visual Studio Version 17
VisualStudioVersion = 17.11.35312.102
MinimumVisualStudioVersion = 10.0.40219.1
Project("{FAE04EC0-301F-11D3-BF4B-00C04F79EFBC}") = "Core.Persistence", "Core.Persistence.csproj", "{91F3C078-C824-44A8-99F7-4C5B65DB735E}"
EndProject
Global
	GlobalSection(SolutionConfigurationPlatforms) = preSolution
		Debug|Any CPU = Debug|Any CPU
		Release|Any CPU = Release|Any CPU
	EndGlobalSection
	GlobalSection(ProjectConfigurationPlatforms) = postSolution
		{91F3C078-C824-44A8-99F7-4C5B65DB735E}.Debug|Any CPU.ActiveCfg = Debug|Any CPU
		{91F3C078-C824-44A8-99F7-4C5B65DB735E}.Debug|Any CPU.Build.0 = Debug|Any CPU
		{91F3C078-C824-44A8-99F7-4C5B65DB735E}.Release|Any CPU.ActiveCfg = Release|Any CPU
		{91F3C078-C824-44A8-99F7-4C5B65DB735E}.Release|Any CPU.Build.0 = Release|Any CPU
	EndGlobalSection
	GlobalSection(SolutionProperties) = preSolution
		HideSolutionNode = FALSE
	EndGlobalSection
	GlobalSection(ExtensibilityGlobals) = postSolution
		SolutionGuid = {3C749169-E621-4F27-B06E-A8A17734146B}
	EndGlobalSection
EndGlobal
